
Microsoft Visual Studio Solution File, Format Version 12.00
# Visual Studio Version 17
VisualStudioVersion = 17.3.32819.101
MinimumVisualStudioVersion = 10.0.40219.1
Project("{FAE04EC0-301F-11D3-BF4B-00C04F79EFBC}") = "WWebApi", "WWebApi\WWebApi.csproj", "{F920573A-799B-4B5F-80BA-9C257C3803FA}"
EndProject
Global
	GlobalSection(SolutionConfigurationPlatforms) = preSolution
		Debug|Any CPU = Debug|Any CPU
		Release|Any CPU = Release|Any CPU
	EndGlobalSection
	GlobalSection(ProjectConfigurationPlatforms) = postSolution
		{F920573A-799B-4B5F-80BA-9C257C3803FA}.Debug|Any CPU.ActiveCfg = Debug|Any CPU
		{F920573A-799B-4B5F-80BA-9C257C3803FA}.Debug|Any CPU.Build.0 = Debug|Any CPU
		{F920573A-799B-4B5F-80BA-9C257C3803FA}.Release|Any CPU.ActiveCfg = Release|Any CPU
		{F920573A-799B-4B5F-80BA-9C257C3803FA}.Release|Any CPU.Build.0 = Release|Any CPU
	EndGlobalSection
	GlobalSection(SolutionProperties) = preSolution
		HideSolutionNode = FALSE
	EndGlobalSection
	GlobalSection(ExtensibilityGlobals) = postSolution
		SolutionGuid = {D4EB92C0-020B-4155-BC5E-310590945513}
	EndGlobalSection
EndGlobal
